Microsoft Visual Studio Solution File, Format Version 12.00
# Visual Studio Version 17
VisualStudioVersion = 17.5.2.0
MinimumVisualStudioVersion = 10.0.40219.1
Project("{FAE04EC0-301F-11D3-BF4B-00C04F79EFBC}") = "08-TP", "08-TP.csproj", "{FFCAEAF7-B31D-6B01-D208-B938365D1604}"
EndProject
Global
	GlobalSection(SolutionConfigurationPlatforms) = preSolution
		Debug|Any CPU = Debug|Any CPU
		Release|Any CPU = Release|Any CPU
	EndGlobalSection
	GlobalSection(ProjectConfigurationPlatforms) = postSolution
		{FFCAEAF7-B31D-6B01-D208-B938365D1604}.Debug|Any CPU.ActiveCfg = Debug|Any CPU
		{FFCAEAF7-B31D-6B01-D208-B938365D1604}.Debug|Any CPU.Build.0 = Debug|Any CPU
		{FFCAEAF7-B31D-6B01-D208-B938365D1604}.Release|Any CPU.ActiveCfg = Release|Any CPU
		{FFCAEAF7-B31D-6B01-D208-B938365D1604}.Release|Any CPU.Build.0 = Release|Any CPU
	EndGlobalSection
	GlobalSection(SolutionProperties) = preSolution
		HideSolutionNode = FALSE
	EndGlobalSection
	GlobalSection(ExtensibilityGlobals) = postSolution
		SolutionGuid = {409CF059-78FA-4673-9F5F-DC6CD0C33AA6}
	EndGlobalSection
EndGlobal
